
Microsoft Visual Studio Solution File, Format Version 12.00
# Visual Studio Version 17
VisualStudioVersion = 17.7.34221.43
MinimumVisualStudioVersion = 10.0.40219.1
Project("{888888A0-9F3D-457C-B088-3A5042F75D52}") = "Human Readable Time", "Human Readable Time.pyproj", "{5F14FB1D-88F6-4567-9243-3E5E9B8DC86B}"
EndProject
Global
	GlobalSection(SolutionConfigurationPlatforms) = preSolution
		Debug|Any CPU = Debug|Any CPU
		Release|Any CPU = Release|Any CPU
	EndGlobalSection
	GlobalSection(ProjectConfigurationPlatforms) = postSolution
		{5F14FB1D-88F6-4567-9243-3E5E9B8DC86B}.Debug|Any CPU.ActiveCfg = Debug|Any CPU
		{5F14FB1D-88F6-4567-9243-3E5E9B8DC86B}.Release|Any CPU.ActiveCfg = Release|Any CPU
	EndGlobalSection
	GlobalSection(SolutionProperties) = preSolution
		HideSolutionNode = FALSE
	EndGlobalSection
	GlobalSection(ExtensibilityGlobals) = postSolution
		SolutionGuid = {14A37741-A642-421B-BD60-889D6B94EB1A}
	EndGlobalSection
EndGlobal
